lockfileVersion: '6.0'

dependencies:
  '@fuyoo/wasm-hasher':
    specifier: 0.1.16
    version: registry.npmjs.org/@fuyoo/wasm-hasher@0.1.16
  vue:
    specifier: ^3.3.4
    version: registry.npmjs.org/vue@3.3.4

devDependencies:
  '@vitejs/plugin-vue':
    specifier: ^4.2.3
    version: registry.npmjs.org/@vitejs/plugin-vue@4.2.3(vite@4.4.0)(vue@3.3.4)
  typescript:
    specifier: ^5.0.2
    version: registry.npmjs.org/typescript@5.0.2
  vite:
    specifier: ^4.4.0
    version: registry.npmjs.org/vite@4.4.0
  vue-tsc:
    specifier: ^1.8.3
    version: registry.npmjs.org/vue-tsc@1.8.3(typescript@5.0.2)

packages:

  registry.npmjs.org/@babel/helper-string-parser@7.22.5:
    resolution: {integrity: sha512-mM4COjgZox8U+JcXQwPijIZLElkgEpO5rsERVDJTc2qfCDfERyob6k5WegS14SX18IIjv+XD+GrqNumY5JRCDw==, registry: https://registry.npmjs.com/, tarball: https://registry.npmjs.org/@babel/helper-string-parser/-/helper-string-parser-7.22.5.tgz}
    name: '@babel/helper-string-parser'
    version: 7.22.5
    engines: {node: '>=6.9.0'}

  registry.npmjs.org/@babel/helper-validator-identifier@7.22.5:
    resolution: {integrity: sha512-aJXu+6lErq8ltp+JhkJUfk1MTGyuA4v7f3pA+BJ5HLfNC6nAQ0Cpi9uOquUj8Hehg0aUiHzWQbOVJGao6ztBAQ==, registry: https://registry.npmjs.com/, tarball: https://registry.npmjs.org/@babel/helper-validator-identifier/-/helper-validator-identifier-7.22.5.tgz}
    name: '@babel/helper-validator-identifier'
    version: 7.22.5
    engines: {node: '>=6.9.0'}

  registry.npmjs.org/@babel/parser@7.22.7:
    resolution: {integrity: sha512-7NF8pOkHP5o2vpmGgNGcfAeCvOYhGLyA3Z4eBQkT1RJlWu47n63bCs93QfJ2hIAFCil7L5P2IWhs1oToVgrL0Q==, registry: https://registry.npmjs.com/, tarball: https://registry.npmjs.org/@babel/parser/-/parser-7.22.7.tgz}
    name: '@babel/parser'
    version: 7.22.7
    engines: {node: '>=6.0.0'}
    hasBin: true
    dependencies:
      '@babel/types': registry.npmjs.org/@babel/types@7.22.5

  registry.npmjs.org/@babel/types@7.22.5:
    resolution: {integrity: sha512-zo3MIHGOkPOfoRXitsgHLjEXmlDaD/5KU1Uzuc9GNiZPhSqVxVRtxuPaSBZDsYZ9qV88AjtMtWW7ww98loJ9KA==, registry: https://registry.npmjs.com/, tarball: https://registry.npmjs.org/@babel/types/-/types-7.22.5.tgz}
    name: '@babel/types'
    version: 7.22.5
    engines: {node: '>=6.9.0'}
    dependencies:
      '@babel/helper-string-parser': registry.npmjs.org/@babel/helper-string-parser@7.22.5
      '@babel/helper-validator-identifier': registry.npmjs.org/@babel/helper-validator-identifier@7.22.5
      to-fast-properties: registry.npmjs.org/to-fast-properties@2.0.0

  registry.npmjs.org/@esbuild/android-arm64@0.18.14:
    resolution: {integrity: sha512-rZ2v+Luba5/3D6l8kofWgTnqE+qsC/L5MleKIKFyllHTKHrNBMqeRCnZI1BtRx8B24xMYxeU32iIddRQqMsOsg==, registry: https://registry.npmjs.com/, tarball: https://registry.npmjs.org/@esbuild/android-arm64/-/android-arm64-0.18.14.tgz}
    name: '@esbuild/android-arm64'
    version: 0.18.14
    engines: {node: '>=12'}
    cpu: [arm64]
    os: [android]
    requiresBuild: true
    dev: true
    optional: true

  registry.npmjs.org/@esbuild/android-arm@0.18.14:
    resolution: {integrity: sha512-blODaaL+lngG5bdK/t4qZcQvq2BBqrABmYwqPPcS5VRxrCSGHb9R/rA3fqxh7R18I7WU4KKv+NYkt22FDfalcg==, registry: https://registry.npmjs.com/, tarball: https://registry.npmjs.org/@esbuild/android-arm/-/android-arm-0.18.14.tgz}
    name: '@esbuild/android-arm'
    version: 0.18.14
    engines: {node: '>=12'}
    cpu: [arm]
    os: [android]
    requiresBuild: true
    dev: true
    optional: true

  registry.npmjs.org/@esbuild/android-x64@0.18.14:
    resolution: {integrity: sha512-qSwh8y38QKl+1Iqg+YhvCVYlSk3dVLk9N88VO71U4FUjtiSFylMWK3Ugr8GC6eTkkP4Tc83dVppt2n8vIdlSGg==, registry: https://registry.npmjs.com/, tarball: https://registry.npmjs.org/@esbuild/android-x64/-/android-x64-0.18.14.tgz}
    name: '@esbuild/android-x64'
    version: 0.18.14
    engines: {node: '>=12'}
    cpu: [x64]
    os: [android]
    requiresBuild: true
    dev: true
    optional: true

  registry.npmjs.org/@esbuild/darwin-arm64@0.18.14:
    resolution: {integrity: sha512-9Hl2D2PBeDYZiNbnRKRWuxwHa9v5ssWBBjisXFkVcSP5cZqzZRFBUWEQuqBHO4+PKx4q4wgHoWtfQ1S7rUqJ2Q==, registry: https://registry.npmjs.com/, tarball: https://registry.npmjs.org/@esbuild/darwin-arm64/-/darwin-arm64-0.18.14.tgz}
    name: '@esbuild/darwin-arm64'
    version: 0.18.14
    engines: {node: '>=12'}
    cpu: [arm64]
    os: [darwin]
    requiresBuild: true
    dev: true
    optional: true

  registry.npmjs.org/@esbuild/darwin-x64@0.18.14:
    resolution: {integrity: sha512-ZnI3Dg4ElQ6tlv82qLc/UNHtFsgZSKZ7KjsUNAo1BF1SoYDjkGKHJyCrYyWjFecmXpvvG/KJ9A/oe0H12odPLQ==, registry: https://registry.npmjs.com/, tarball: https://registry.npmjs.org/@esbuild/darwin-x64/-/darwin-x64-0.18.14.tgz}
    name: '@esbuild/darwin-x64'
    version: 0.18.14
    engines: {node: '>=12'}
    cpu: [x64]
    os: [darwin]
    requiresBuild: true
    dev: true
    optional: true

  registry.npmjs.org/@esbuild/freebsd-arm64@0.18.14:
    resolution: {integrity: sha512-h3OqR80Da4oQCIa37zl8tU5MwHQ7qgPV0oVScPfKJK21fSRZEhLE4IIVpmcOxfAVmqjU6NDxcxhYaM8aDIGRLw==, registry: https://registry.npmjs.com/, tarball: https://registry.npmjs.org/@esbuild/freebsd-arm64/-/freebsd-arm64-0.18.14.tgz}
    name: '@esbuild/freebsd-arm64'
    version: 0.18.14
    engines: {node: '>=12'}
    cpu: [arm64]
    os: [freebsd]
    requiresBuild: true
    dev: true
    optional: true

  registry.npmjs.org/@esbuild/freebsd-x64@0.18.14:
    resolution: {integrity: sha512-ha4BX+S6CZG4BoH9tOZTrFIYC1DH13UTCRHzFc3GWX74nz3h/N6MPF3tuR3XlsNjMFUazGgm35MPW5tHkn2lzQ==, registry: https://registry.npmjs.com/, tarball: https://registry.npmjs.org/@esbuild/freebsd-x64/-/freebsd-x64-0.18.14.tgz}
    name: '@esbuild/freebsd-x64'
    version: 0.18.14
    engines: {node: '>=12'}
    cpu: [x64]
    os: [freebsd]
    requiresBuild: true
    dev: true
    optional: true

  registry.npmjs.org/@esbuild/linux-arm64@0.18.14:
    resolution: {integrity: sha512-IXORRe22In7U65NZCzjwAUc03nn8SDIzWCnfzJ6t/8AvGx5zBkcLfknI+0P+hhuftufJBmIXxdSTbzWc8X/V4w==, registry: https://registry.npmjs.com/, tarball: https://registry.npmjs.org/@esbuild/linux-arm64/-/linux-arm64-0.18.14.tgz}
    name: '@esbuild/linux-arm64'
    version: 0.18.14
    engines: {node: '>=12'}
    cpu: [arm64]
    os: [linux]
    requiresBuild: true
    dev: true
    optional: true

  registry.npmjs.org/@esbuild/linux-arm@0.18.14:
    resolution: {integrity: sha512-5+7vehI1iqru5WRtJyU2XvTOvTGURw3OZxe3YTdE9muNNIdmKAVmSHpB3Vw2LazJk2ifEdIMt/wTWnVe5V98Kg==, registry: https://registry.npmjs.com/, tarball: https://registry.npmjs.org/@esbuild/linux-arm/-/linux-arm-0.18.14.tgz}
    name: '@esbuild/linux-arm'
    version: 0.18.14
    engines: {node: '>=12'}
    cpu: [arm]
    os: [linux]
    requiresBuild: true
    dev: true
    optional: true

  registry.npmjs.org/@esbuild/linux-ia32@0.18.14:
    resolution: {integrity: sha512-BfHlMa0nibwpjG+VXbOoqJDmFde4UK2gnW351SQ2Zd4t1N3zNdmUEqRkw/srC1Sa1DRBE88Dbwg4JgWCbNz/FQ==, registry: https://registry.npmjs.com/, tarball: https://registry.npmjs.org/@esbuild/linux-ia32/-/linux-ia32-0.18.14.tgz}
    name: '@esbuild/linux-ia32'
    version: 0.18.14
    engines: {node: '>=12'}
    cpu: [ia32]
    os: [linux]
    requiresBuild: true
    dev: true
    optional: true

  registry.npmjs.org/@esbuild/linux-loong64@0.18.14:
    resolution: {integrity: sha512-j2/Ex++DRUWIAaUDprXd3JevzGtZ4/d7VKz+AYDoHZ3HjJzCyYBub9CU1wwIXN+viOP0b4VR3RhGClsvyt/xSw==, registry: https://registry.npmjs.com/, tarball: https://registry.npmjs.org/@esbuild/linux-loong64/-/linux-loong64-0.18.14.tgz}
    name: '@esbuild/linux-loong64'
    version: 0.18.14
    engines: {node: '>=12'}
    cpu: [loong64]
    os: [linux]
    requiresBuild: true
    dev: true
    optional: true

  registry.npmjs.org/@esbuild/linux-mips64el@0.18.14:
    resolution: {integrity: sha512-qn2+nc+ZCrJmiicoAnJXJJkZWt8Nwswgu1crY7N+PBR8ChBHh89XRxj38UU6Dkthl2yCVO9jWuafZ24muzDC/A==, registry: https://registry.npmjs.com/, tarball: https://registry.npmjs.org/@esbuild/linux-mips64el/-/linux-mips64el-0.18.14.tgz}
    name: '@esbuild/linux-mips64el'
    version: 0.18.14
    engines: {node: '>=12'}
    cpu: [mips64el]
    os: [linux]
    requiresBuild: true
    dev: true
    optional: true

  registry.npmjs.org/@esbuild/linux-ppc64@0.18.14:
    resolution: {integrity: sha512-aGzXzd+djqeEC5IRkDKt3kWzvXoXC6K6GyYKxd+wsFJ2VQYnOWE954qV2tvy5/aaNrmgPTb52cSCHFE+Z7Z0yg==, registry: https://registry.npmjs.com/, tarball: https://registry.npmjs.org/@esbuild/linux-ppc64/-/linux-ppc64-0.18.14.tgz}
    name: '@esbuild/linux-ppc64'
    version: 0.18.14
    engines: {node: '>=12'}
    cpu: [ppc64]
    os: [linux]
    requiresBuild: true
    dev: true
    optional: true

  registry.npmjs.org/@esbuild/linux-riscv64@0.18.14:
    resolution: {integrity: sha512-8C6vWbfr0ygbAiMFLS6OPz0BHvApkT2gCboOGV76YrYw+sD/MQJzyITNsjZWDXJwPu9tjrFQOVG7zijRzBCnLw==, registry: https://registry.npmjs.com/, tarball: https://registry.npmjs.org/@esbuild/linux-riscv64/-/linux-riscv64-0.18.14.tgz}
    name: '@esbuild/linux-riscv64'
    version: 0.18.14
    engines: {node: '>=12'}
    cpu: [riscv64]
    os: [linux]
    requiresBuild: true
    dev: true
    optional: true

  registry.npmjs.org/@esbuild/linux-s390x@0.18.14:
    resolution: {integrity: sha512-G/Lf9iu8sRMM60OVGOh94ZW2nIStksEcITkXdkD09/T6QFD/o+g0+9WVyR/jajIb3A0LvBJ670tBnGe1GgXMgw==, registry: https://registry.npmjs.com/, tarball: https://registry.npmjs.org/@esbuild/linux-s390x/-/linux-s390x-0.18.14.tgz}
    name: '@esbuild/linux-s390x'
    version: 0.18.14
    engines: {node: '>=12'}
    cpu: [s390x]
    os: [linux]
    requiresBuild: true
    dev: true
    optional: true

  registry.npmjs.org/@esbuild/linux-x64@0.18.14:
    resolution: {integrity: sha512-TBgStYBQaa3EGhgqIDM+ECnkreb0wkcKqL7H6m+XPcGUoU4dO7dqewfbm0mWEQYH3kzFHrzjOFNpSAVzDZRSJw==, registry: https://registry.npmjs.com/, tarball: https://registry.npmjs.org/@esbuild/linux-x64/-/linux-x64-0.18.14.tgz}
    name: '@esbuild/linux-x64'
    version: 0.18.14
    engines: {node: '>=12'}
    cpu: [x64]
    os: [linux]
    requiresBuild: true
    dev: true
    optional: true

  registry.npmjs.org/@esbuild/netbsd-x64@0.18.14:
    resolution: {integrity: sha512-stvCcjyCQR2lMTroqNhAbvROqRjxPEq0oQ380YdXxA81TaRJEucH/PzJ/qsEtsHgXlWFW6Ryr/X15vxQiyRXVg==, registry: https://registry.npmjs.com/, tarball: https://registry.npmjs.org/@esbuild/netbsd-x64/-/netbsd-x64-0.18.14.tgz}
    name: '@esbuild/netbsd-x64'
    version: 0.18.14
    engines: {node: '>=12'}
    cpu: [x64]
    os: [netbsd]
    requiresBuild: true
    dev: true
    optional: true

  registry.npmjs.org/@esbuild/openbsd-x64@0.18.14:
    resolution: {integrity: sha512-apAOJF14CIsN5ht1PA57PboEMsNV70j3FUdxLmA2liZ20gEQnfTG5QU0FhENo5nwbTqCB2O3WDsXAihfODjHYw==, registry: https://registry.npmjs.com/, tarball: https://registry.npmjs.org/@esbuild/openbsd-x64/-/openbsd-x64-0.18.14.tgz}
    name: '@esbuild/openbsd-x64'
    version: 0.18.14
    engines: {node: '>=12'}
    cpu: [x64]
    os: [openbsd]
    requiresBuild: true
    dev: true
    optional: true

  registry.npmjs.org/@esbuild/sunos-x64@0.18.14:
    resolution: {integrity: sha512-fYRaaS8mDgZcGybPn2MQbn1ZNZx+UXFSUoS5Hd2oEnlsyUcr/l3c6RnXf1bLDRKKdLRSabTmyCy7VLQ7VhGdOQ==, registry: https://registry.npmjs.com/, tarball: https://registry.npmjs.org/@esbuild/sunos-x64/-/sunos-x64-0.18.14.tgz}
    name: '@esbuild/sunos-x64'
    version: 0.18.14
    engines: {node: '>=12'}
    cpu: [x64]
    os: [sunos]
    requiresBuild: true
    dev: true
    optional: true

  registry.npmjs.org/@esbuild/win32-arm64@0.18.14:
    resolution: {integrity: sha512-1c44RcxKEJPrVj62XdmYhxXaU/V7auELCmnD+Ri+UCt+AGxTvzxl9uauQhrFso8gj6ZV1DaORV0sT9XSHOAk8Q==, registry: https://registry.npmjs.com/, tarball: https://registry.npmjs.org/@esbuild/win32-arm64/-/win32-arm64-0.18.14.tgz}
    name: '@esbuild/win32-arm64'
    version: 0.18.14
    engines: {node: '>=12'}
    cpu: [arm64]
    os: [win32]
    requiresBuild: true
    dev: true
    optional: true

  registry.npmjs.org/@esbuild/win32-ia32@0.18.14:
    resolution: {integrity: sha512-EXAFttrdAxZkFQmpvcAQ2bywlWUsONp/9c2lcfvPUhu8vXBBenCXpoq9YkUvVP639ld3YGiYx0YUQ6/VQz3Maw==, registry: https://registry.npmjs.com/, tarball: https://registry.npmjs.org/@esbuild/win32-ia32/-/win32-ia32-0.18.14.tgz}
    name: '@esbuild/win32-ia32'
    version: 0.18.14
    engines: {node: '>=12'}
    cpu: [ia32]
    os: [win32]
    requiresBuild: true
    dev: true
    optional: true

  registry.npmjs.org/@esbuild/win32-x64@0.18.14:
    resolution: {integrity: sha512-K0QjGbcskx+gY+qp3v4/940qg8JitpXbdxFhRDA1aYoNaPff88+aEwoq45aqJ+ogpxQxmU0ZTjgnrQD/w8iiUg==, registry: https://registry.npmjs.com/, tarball: https://registry.npmjs.org/@esbuild/win32-x64/-/win32-x64-0.18.14.tgz}
    name: '@esbuild/win32-x64'
    version: 0.18.14
    engines: {node: '>=12'}
    cpu: [x64]
    os: [win32]
    requiresBuild: true
    dev: true
    optional: true

  registry.npmjs.org/@fuyoo/wasm-hasher@0.1.16:
    resolution: {integrity: sha512-Vekb89Of198Nj2i9jmd8jIGmcvXZGwmXKAHnas4BwG92OX0ml+Y7F2WvqUUtUTD1JK2wNXGae+x1puV30giPpw==, registry: https://registry.npmjs.com/, tarball: https://registry.npmjs.org/@fuyoo/wasm-hasher/-/wasm-hasher-0.1.16.tgz}
    name: '@fuyoo/wasm-hasher'
    version: 0.1.16
    dev: false

  registry.npmjs.org/@jridgewell/sourcemap-codec@1.4.15:
    resolution: {integrity: sha512-eF2rxCRulEKXHTRiDrDy6erMYWqNw4LPdQ8UQA4huuxaQsVeRPFl2oM8oDGxMFhJUWZf9McpLtJasDDZb/Bpeg==, registry: https://registry.npmjs.com/, tarball: https://registry.npmjs.org/@jridgewell/sourcemap-codec/-/sourcemap-codec-1.4.15.tgz}
    name: '@jridgewell/sourcemap-codec'
    version: 1.4.15

  registry.npmjs.org/@vitejs/plugin-vue@4.2.3(vite@4.4.0)(vue@3.3.4):
    resolution: {integrity: sha512-R6JDUfiZbJA9cMiguQ7jxALsgiprjBeHL5ikpXfJCH62pPHtI+JdJ5xWj6Ev73yXSlYl86+blXn1kZHQ7uElxw==, registry: https://registry.npmjs.com/, tarball: https://registry.npmjs.org/@vitejs/plugin-vue/-/plugin-vue-4.2.3.tgz}
    id: registry.npmjs.org/@vitejs/plugin-vue/4.2.3
    name: '@vitejs/plugin-vue'
    version: 4.2.3
    engines: {node: ^14.18.0 || >=16.0.0}
    peerDependencies:
      vite: ^4.0.0
      vue: ^3.2.25
    dependencies:
      vite: registry.npmjs.org/vite@4.4.0
      vue: registry.npmjs.org/vue@3.3.4
    dev: true

  registry.npmjs.org/@volar/language-core@1.7.10:
    resolution: {integrity: sha512-18Gmth5M0UI3hDDqhZngjMnb6WCslcfglkOdepRIhGxRYe7xR7DRRzciisYDMZsvOQxDYme+uaohg0dKUxLV2Q==, registry: https://registry.npmjs.com/, tarball: https://registry.npmjs.org/@volar/language-core/-/language-core-1.7.10.tgz}
    name: '@volar/language-core'
    version: 1.7.10
    dependencies:
      '@volar/source-map': registry.npmjs.org/@volar/source-map@1.7.10
    dev: true

  registry.npmjs.org/@volar/source-map@1.7.10:
    resolution: {integrity: sha512-FBpLEOKJpRxeh2nYbw1mTI5sZOPXYU8LlsCz6xuBY3yNtAizDTTIZtBHe1V8BaMpoSMgRysZe4gVxMEi3rDGVA==, registry: https://registry.npmjs.com/, tarball: https://registry.npmjs.org/@volar/source-map/-/source-map-1.7.10.tgz}
    name: '@volar/source-map'
    version: 1.7.10
    dependencies:
      muggle-string: registry.npmjs.org/muggle-string@0.3.1
    dev: true

  registry.npmjs.org/@volar/typescript@1.7.10:
    resolution: {integrity: sha512-yqIov4wndLU3GE1iE25bU5W6T+P+exPePcE1dFPPBKzQIBki1KvmdQN5jBlJp3Wo+wp7UIxa/RsdNkXT+iFBjg==, registry: https://registry.npmjs.com/, tarball: https://registry.npmjs.org/@volar/typescript/-/typescript-1.7.10.tgz}
    name: '@volar/typescript'
    version: 1.7.10
    dependencies:
      '@volar/language-core': registry.npmjs.org/@volar/language-core@1.7.10
    dev: true

  registry.npmjs.org/@vue/compiler-core@3.3.4:
    resolution: {integrity: sha512-cquyDNvZ6jTbf/+x+AgM2Arrp6G4Dzbb0R64jiG804HRMfRiFXWI6kqUVqZ6ZR0bQhIoQjB4+2bhNtVwndW15g==, registry: https://registry.npmjs.com/, tarball: https://registry.npmjs.org/@vue/compiler-core/-/compiler-core-3.3.4.tgz}
    name: '@vue/compiler-core'
    version: 3.3.4
    dependencies:
      '@babel/parser': registry.npmjs.org/@babel/parser@7.22.7
      '@vue/shared': registry.npmjs.org/@vue/shared@3.3.4
      estree-walker: registry.npmjs.org/estree-walker@2.0.2
      source-map-js: registry.npmjs.org/source-map-js@1.0.2

  registry.npmjs.org/@vue/compiler-dom@3.3.4:
    resolution: {integrity: sha512-wyM+OjOVpuUukIq6p5+nwHYtj9cFroz9cwkfmP9O1nzH68BenTTv0u7/ndggT8cIQlnBeOo6sUT/gvHcIkLA5w==, registry: https://registry.npmjs.com/, tarball: https://registry.npmjs.org/@vue/compiler-dom/-/compiler-dom-3.3.4.tgz}
    name: '@vue/compiler-dom'
    version: 3.3.4
    dependencies:
      '@vue/compiler-core': registry.npmjs.org/@vue/compiler-core@3.3.4
      '@vue/shared': registry.npmjs.org/@vue/shared@3.3.4

  registry.npmjs.org/@vue/compiler-sfc@3.3.4:
    resolution: {integrity: sha512-6y/d8uw+5TkCuzBkgLS0v3lSM3hJDntFEiUORM11pQ/hKvkhSKZrXW6i69UyXlJQisJxuUEJKAWEqWbWsLeNKQ==, registry: https://registry.npmjs.com/, tarball: https://registry.npmjs.org/@vue/compiler-sfc/-/compiler-sfc-3.3.4.tgz}
    name: '@vue/compiler-sfc'
    version: 3.3.4
    dependencies:
      '@babel/parser': registry.npmjs.org/@babel/parser@7.22.7
      '@vue/compiler-core': registry.npmjs.org/@vue/compiler-core@3.3.4
      '@vue/compiler-dom': registry.npmjs.org/@vue/compiler-dom@3.3.4
      '@vue/compiler-ssr': registry.npmjs.org/@vue/compiler-ssr@3.3.4
      '@vue/reactivity-transform': registry.npmjs.org/@vue/reactivity-transform@3.3.4
      '@vue/shared': registry.npmjs.org/@vue/shared@3.3.4
      estree-walker: registry.npmjs.org/estree-walker@2.0.2
      magic-string: registry.npmjs.org/magic-string@0.30.1
      postcss: registry.npmjs.org/postcss@8.4.26
      source-map-js: registry.npmjs.org/source-map-js@1.0.2

  registry.npmjs.org/@vue/compiler-ssr@3.3.4:
    resolution: {integrity: sha512-m0v6oKpup2nMSehwA6Uuu+j+wEwcy7QmwMkVNVfrV9P2qE5KshC6RwOCq8fjGS/Eak/uNb8AaWekfiXxbBB6gQ==, registry: https://registry.npmjs.com/, tarball: https://registry.npmjs.org/@vue/compiler-ssr/-/compiler-ssr-3.3.4.tgz}
    name: '@vue/compiler-ssr'
    version: 3.3.4
    dependencies:
      '@vue/compiler-dom': registry.npmjs.org/@vue/compiler-dom@3.3.4
      '@vue/shared': registry.npmjs.org/@vue/shared@3.3.4

  registry.npmjs.org/@vue/language-core@1.8.3(typescript@5.0.2):
    resolution: {integrity: sha512-AzhvMYoQkK/tg8CpAAttO19kx1zjS3+weYIr2AhlH/M5HebVzfftQoq4jZNFifjq+hyLKi8j9FiDMS8oqA89+A==, registry: https://registry.npmjs.com/, tarball: https://registry.npmjs.org/@vue/language-core/-/language-core-1.8.3.tgz}
    id: registry.npmjs.org/@vue/language-core/1.8.3
    name: '@vue/language-core'
    version: 1.8.3
    peerDependencies:
      typescript: '*'
    peerDependenciesMeta:
      typescript:
        optional: true
    dependencies:
      '@volar/language-core': registry.npmjs.org/@volar/language-core@1.7.10
      '@volar/source-map': registry.npmjs.org/@volar/source-map@1.7.10
      '@vue/compiler-dom': registry.npmjs.org/@vue/compiler-dom@3.3.4
      '@vue/reactivity': registry.npmjs.org/@vue/reactivity@3.3.4
      '@vue/shared': registry.npmjs.org/@vue/shared@3.3.4
      minimatch: registry.npmjs.org/minimatch@9.0.3
      muggle-string: registry.npmjs.org/muggle-string@0.3.1
      typescript: registry.npmjs.org/typescript@5.0.2
      vue-template-compiler: registry.npmjs.org/vue-template-compiler@2.7.14
    dev: true

  registry.npmjs.org/@vue/reactivity-transform@3.3.4:
    resolution: {integrity: sha512-MXgwjako4nu5WFLAjpBnCj/ieqcjE2aJBINUNQzkZQfzIZA4xn+0fV1tIYBJvvva3N3OvKGofRLvQIwEQPpaXw==, registry: https://registry.npmjs.com/, tarball: https://registry.npmjs.org/@vue/reactivity-transform/-/reactivity-transform-3.3.4.tgz}
    name: '@vue/reactivity-transform'
    version: 3.3.4
    dependencies:
      '@babel/parser': registry.npmjs.org/@babel/parser@7.22.7
      '@vue/compiler-core': registry.npmjs.org/@vue/compiler-core@3.3.4
      '@vue/shared': registry.npmjs.org/@vue/shared@3.3.4
      estree-walker: registry.npmjs.org/estree-walker@2.0.2
      magic-string: registry.npmjs.org/magic-string@0.30.1

  registry.npmjs.org/@vue/reactivity@3.3.4:
    resolution: {integrity: sha512-kLTDLwd0B1jG08NBF3R5rqULtv/f8x3rOFByTDz4J53ttIQEDmALqKqXY0J+XQeN0aV2FBxY8nJDf88yvOPAqQ==, registry: https://registry.npmjs.com/, tarball: https://registry.npmjs.org/@vue/reactivity/-/reactivity-3.3.4.tgz}
    name: '@vue/reactivity'
    version: 3.3.4
    dependencies:
      '@vue/shared': registry.npmjs.org/@vue/shared@3.3.4

  registry.npmjs.org/@vue/runtime-core@3.3.4:
    resolution: {integrity: sha512-R+bqxMN6pWO7zGI4OMlmvePOdP2c93GsHFM/siJI7O2nxFRzj55pLwkpCedEY+bTMgp5miZ8CxfIZo3S+gFqvA==, registry: https://registry.npmjs.com/, tarball: https://registry.npmjs.org/@vue/runtime-core/-/runtime-core-3.3.4.tgz}
    name: '@vue/runtime-core'
    version: 3.3.4
    dependencies:
      '@vue/reactivity': registry.npmjs.org/@vue/reactivity@3.3.4
      '@vue/shared': registry.npmjs.org/@vue/shared@3.3.4

  registry.npmjs.org/@vue/runtime-dom@3.3.4:
    resolution: {integrity: sha512-Aj5bTJ3u5sFsUckRghsNjVTtxZQ1OyMWCr5dZRAPijF/0Vy4xEoRCwLyHXcj4D0UFbJ4lbx3gPTgg06K/GnPnQ==, registry: https://registry.npmjs.com/, tarball: https://registry.npmjs.org/@vue/runtime-dom/-/runtime-dom-3.3.4.tgz}
    name: '@vue/runtime-dom'
    version: 3.3.4
    dependencies:
      '@vue/runtime-core': registry.npmjs.org/@vue/runtime-core@3.3.4
      '@vue/shared': registry.npmjs.org/@vue/shared@3.3.4
      csstype: registry.npmjs.org/csstype@3.1.2

  registry.npmjs.org/@vue/server-renderer@3.3.4(vue@3.3.4):
    resolution: {integrity: sha512-Q6jDDzR23ViIb67v+vM1Dqntu+HUexQcsWKhhQa4ARVzxOY2HbC7QRW/ggkDBd5BU+uM1sV6XOAP0b216o34JQ==, registry: https://registry.npmjs.com/, tarball: https://registry.npmjs.org/@vue/server-renderer/-/server-renderer-3.3.4.tgz}
    id: registry.npmjs.org/@vue/server-renderer/3.3.4
    name: '@vue/server-renderer'
    version: 3.3.4
    peerDependencies:
      vue: 3.3.4
    dependencies:
      '@vue/compiler-ssr': registry.npmjs.org/@vue/compiler-ssr@3.3.4
      '@vue/shared': registry.npmjs.org/@vue/shared@3.3.4
      vue: registry.npmjs.org/vue@3.3.4

  registry.npmjs.org/@vue/shared@3.3.4:
    resolution: {integrity: sha512-7OjdcV8vQ74eiz1TZLzZP4JwqM5fA94K6yntPS5Z25r9HDuGNzaGdgvwKYq6S+MxwF0TFRwe50fIR/MYnakdkQ==, registry: https://registry.npmjs.com/, tarball: https://registry.npmjs.org/@vue/shared/-/shared-3.3.4.tgz}
    name: '@vue/shared'
    version: 3.3.4

  registry.npmjs.org/@vue/typescript@1.8.3(typescript@5.0.2):
    resolution: {integrity: sha512-6bdgSnIFpRYHlt70pHmnmNksPU00bfXgqAISeaNz3W6d2cH0OTfH8h/IhligQ82sJIhsuyfftQJ5518ZuKIhtA==, registry: https://registry.npmjs.com/, tarball: https://registry.npmjs.org/@vue/typescript/-/typescript-1.8.3.tgz}
    id: registry.npmjs.org/@vue/typescript/1.8.3
    name: '@vue/typescript'
    version: 1.8.3
    dependencies:
      '@volar/typescript': registry.npmjs.org/@volar/typescript@1.7.10
      '@vue/language-core': registry.npmjs.org/@vue/language-core@1.8.3(typescript@5.0.2)
    transitivePeerDependencies:
      - typescript
    dev: true

  registry.npmjs.org/balanced-match@1.0.2:
    resolution: {integrity: sha512-3oSeUO0TMV67hN1AmbXsK4yaqU7tjiHlbxRDZOpH0KW9+CeX4bRAaX0Anxt0tx2MrpRpWwQaPwIlISEJhYU5Pw==, registry: https://registry.npmjs.com/, tarball: https://registry.npmjs.org/balanced-match/-/balanced-match-1.0.2.tgz}
    name: balanced-match
    version: 1.0.2
    dev: true

  registry.npmjs.org/brace-expansion@2.0.1:
    resolution: {integrity: sha512-XnAIvQ8eM+kC6aULx6wuQiwVsnzsi9d3WxzV3FpWTGA19F621kwdbsAcFKXgKUHZWsy+mY6iL1sHTxWEFCytDA==, registry: https://registry.npmjs.com/, tarball: https://registry.npmjs.org/brace-expansion/-/brace-expansion-2.0.1.tgz}
    name: brace-expansion
    version: 2.0.1
    dependencies:
      balanced-match: registry.npmjs.org/balanced-match@1.0.2
    dev: true

  registry.npmjs.org/csstype@3.1.2:
    resolution: {integrity: sha512-I7K1Uu0MBPzaFKg4nI5Q7Vs2t+3gWWW648spaF+Rg7pI9ds18Ugn+lvg4SHczUdKlHI5LWBXyqfS8+DufyBsgQ==, registry: https://registry.npmjs.com/, tarball: https://registry.npmjs.org/csstype/-/csstype-3.1.2.tgz}
    name: csstype
    version: 3.1.2

  registry.npmjs.org/de-indent@1.0.2:
    resolution: {integrity: sha512-e/1zu3xH5MQryN2zdVaF0OrdNLUbvWxzMbi+iNA6Bky7l1RoP8a2fIbRocyHclXt/arDrrR6lL3TqFD9pMQTsg==, registry: https://registry.npmjs.com/, tarball: https://registry.npmjs.org/de-indent/-/de-indent-1.0.2.tgz}
    name: de-indent
    version: 1.0.2
    dev: true

  registry.npmjs.org/esbuild@0.18.14:
    resolution: {integrity: sha512-uNPj5oHPYmj+ZhSQeYQVFZ+hAlJZbAGOmmILWIqrGvPVlNLbyOvU5Bu6Woi8G8nskcx0vwY0iFoMPrzT86Ko+w==, registry: https://registry.npmjs.com/, tarball: https://registry.npmjs.org/esbuild/-/esbuild-0.18.14.tgz}
    name: esbuild
    version: 0.18.14
    engines: {node: '>=12'}
    hasBin: true
    requiresBuild: true
    optionalDependencies:
      '@esbuild/android-arm': registry.npmjs.org/@esbuild/android-arm@0.18.14
      '@esbuild/android-arm64': registry.npmjs.org/@esbuild/android-arm64@0.18.14
      '@esbuild/android-x64': registry.npmjs.org/@esbuild/android-x64@0.18.14
      '@esbuild/darwin-arm64': registry.npmjs.org/@esbuild/darwin-arm64@0.18.14
      '@esbuild/darwin-x64': registry.npmjs.org/@esbuild/darwin-x64@0.18.14
      '@esbuild/freebsd-arm64': registry.npmjs.org/@esbuild/freebsd-arm64@0.18.14
      '@esbuild/freebsd-x64': registry.npmjs.org/@esbuild/freebsd-x64@0.18.14
      '@esbuild/linux-arm': registry.npmjs.org/@esbuild/linux-arm@0.18.14
      '@esbuild/linux-arm64': registry.npmjs.org/@esbuild/linux-arm64@0.18.14
      '@esbuild/linux-ia32': registry.npmjs.org/@esbuild/linux-ia32@0.18.14
      '@esbuild/linux-loong64': registry.npmjs.org/@esbuild/linux-loong64@0.18.14
      '@esbuild/linux-mips64el': registry.npmjs.org/@esbuild/linux-mips64el@0.18.14
      '@esbuild/linux-ppc64': registry.npmjs.org/@esbuild/linux-ppc64@0.18.14
      '@esbuild/linux-riscv64': registry.npmjs.org/@esbuild/linux-riscv64@0.18.14
      '@esbuild/linux-s390x': registry.npmjs.org/@esbuild/linux-s390x@0.18.14
      '@esbuild/linux-x64': registry.npmjs.org/@esbuild/linux-x64@0.18.14
      '@esbuild/netbsd-x64': registry.npmjs.org/@esbuild/netbsd-x64@0.18.14
      '@esbuild/openbsd-x64': registry.npmjs.org/@esbuild/openbsd-x64@0.18.14
      '@esbuild/sunos-x64': registry.npmjs.org/@esbuild/sunos-x64@0.18.14
      '@esbuild/win32-arm64': registry.npmjs.org/@esbuild/win32-arm64@0.18.14
      '@esbuild/win32-ia32': registry.npmjs.org/@esbuild/win32-ia32@0.18.14
      '@esbuild/win32-x64': registry.npmjs.org/@esbuild/win32-x64@0.18.14
    dev: true

  registry.npmjs.org/estree-walker@2.0.2:
    resolution: {integrity: sha512-Rfkk/Mp/DL7JVje3u18FxFujQlTNR2q6QfMSMB7AvCBx91NGj/ba3kCfza0f6dVDbw7YlRf/nDrn7pQrCCyQ/w==, registry: https://registry.npmjs.com/, tarball: https://registry.npmjs.org/estree-walker/-/estree-walker-2.0.2.tgz}
    name: estree-walker
    version: 2.0.2

  registry.npmjs.org/fsevents@2.3.2:
    resolution: {integrity: sha512-xiqMQR4xAeHTuB9uWm+fFRcIOgKBMiOBP+eXiyT7jsgVCq1bkVygt00oASowB7EdtpOHaaPgKt812P9ab+DDKA==, registry: https://registry.npmjs.com/, tarball: https://registry.npmjs.org/fsevents/-/fsevents-2.3.2.tgz}
    name: fsevents
    version: 2.3.2
    engines: {node: ^8.16.0 || ^10.6.0 || >=11.0.0}
    os: [darwin]
    requiresBuild: true
    dev: true
    optional: true

  registry.npmjs.org/he@1.2.0:
    resolution: {integrity: sha512-F/1DnUGPopORZi0ni+CvrCgHQ5FyEAHRLSApuYWMmrbSwoN2Mn/7k+Gl38gJnR7yyDZk6WLXwiGod1JOWNDKGw==, registry: https://registry.npmjs.com/, tarball: https://registry.npmjs.org/he/-/he-1.2.0.tgz}
    name: he
    version: 1.2.0
    hasBin: true
    dev: true

  registry.npmjs.org/lru-cache@6.0.0:
    resolution: {integrity: sha512-Jo6dJ04CmSjuznwJSS3pUeWmd/H0ffTlkXXgwZi+eq1UCmqQwCh+eLsYOYCwY991i2Fah4h1BEMCx4qThGbsiA==, registry: https://registry.npmjs.com/, tarball: https://registry.npmjs.org/lru-cache/-/lru-cache-6.0.0.tgz}
    name: lru-cache
    version: 6.0.0
    engines: {node: '>=10'}
    dependencies:
      yallist: registry.npmjs.org/yallist@4.0.0
    dev: true

  registry.npmjs.org/magic-string@0.30.1:
    resolution: {integrity: sha512-mbVKXPmS0z0G4XqFDCTllmDQ6coZzn94aMlb0o/A4HEHJCKcanlDZwYJgwnkmgD3jyWhUgj9VsPrfd972yPffA==, registry: https://registry.npmjs.com/, tarball: https://registry.npmjs.org/magic-string/-/magic-string-0.30.1.tgz}
    name: magic-string
    version: 0.30.1
    engines: {node: '>=12'}
    dependencies:
      '@jridgewell/sourcemap-codec': registry.npmjs.org/@jridgewell/sourcemap-codec@1.4.15

  registry.npmjs.org/minimatch@9.0.3:
    resolution: {integrity: sha512-RHiac9mvaRw0x3AYRgDC1CxAP7HTcNrrECeA8YYJeWnpo+2Q5CegtZjaotWTWxDG3UeGA1coE05iH1mPjT/2mg==, registry: https://registry.npmjs.com/, tarball: https://registry.npmjs.org/minimatch/-/minimatch-9.0.3.tgz}
    name: minimatch
    version: 9.0.3
    engines: {node: '>=16 || 14 >=14.17'}
    dependencies:
      brace-expansion: registry.npmjs.org/brace-expansion@2.0.1
    dev: true

  registry.npmjs.org/muggle-string@0.3.1:
    resolution: {integrity: sha512-ckmWDJjphvd/FvZawgygcUeQCxzvohjFO5RxTjj4eq8kw359gFF3E1brjfI+viLMxss5JrHTDRHZvu2/tuy0Qg==, registry: https://registry.npmjs.com/, tarball: https://registry.npmjs.org/muggle-string/-/muggle-string-0.3.1.tgz}
    name: muggle-string
    version: 0.3.1
    dev: true

  registry.npmjs.org/nanoid@3.3.6:
    resolution: {integrity: sha512-BGcqMMJuToF7i1rt+2PWSNVnWIkGCU78jBG3RxO/bZlnZPK2Cmi2QaffxGO/2RvWi9sL+FAiRiXMgsyxQ1DIDA==, registry: https://registry.npmjs.com/, tarball: https://registry.npmjs.org/nanoid/-/nanoid-3.3.6.tgz}
    name: nanoid
    version: 3.3.6
    engines: {node: ^10 || ^12 || ^13.7 || ^14 || >=15.0.1}
    hasBin: true

  registry.npmjs.org/picocolors@1.0.0:
    resolution: {integrity: sha512-1fygroTLlHu66zi26VoTDv8yRgm0Fccecssto+MhsZ0D/DGW2sm8E8AjW7NU5VVTRt5GxbeZ5qBuJr+HyLYkjQ==, registry: https://registry.npmjs.com/, tarball: https://registry.npmjs.org/picocolors/-/picocolors-1.0.0.tgz}
    name: picocolors
    version: 1.0.0

  registry.npmjs.org/postcss@8.4.26:
    resolution: {integrity: sha512-jrXHFF8iTloAenySjM/ob3gSj7pCu0Ji49hnjqzsgSRa50hkWCKD0HQ+gMNJkW38jBI68MpAAg7ZWwHwX8NMMw==, registry: https://registry.npmjs.com/, tarball: https://registry.npmjs.org/postcss/-/postcss-8.4.26.tgz}
    name: postcss
    version: 8.4.26
    engines: {node: ^10 || ^12 || >=14}
    dependencies:
      nanoid: registry.npmjs.org/nanoid@3.3.6
      picocolors: registry.npmjs.org/picocolors@1.0.0
      source-map-js: registry.npmjs.org/source-map-js@1.0.2

  registry.npmjs.org/rollup@3.26.3:
    resolution: {integrity: sha512-7Tin0C8l86TkpcMtXvQu6saWH93nhG3dGQ1/+l5V2TDMceTxO7kDiK6GzbfLWNNxqJXm591PcEZUozZm51ogwQ==, registry: https://registry.npmjs.com/, tarball: https://registry.npmjs.org/rollup/-/rollup-3.26.3.tgz}
    name: rollup
    version: 3.26.3
    engines: {node: '>=14.18.0', npm: '>=8.0.0'}
    hasBin: true
    optionalDependencies:
      fsevents: registry.npmjs.org/fsevents@2.3.2
    dev: true

  registry.npmjs.org/semver@7.5.4:
    resolution: {integrity: sha512-1bCSESV6Pv+i21Hvpxp3Dx+pSD8lIPt8uVjRrxAUt/nbswYc+tK6Y2btiULjd4+fnq15PX+nqQDC7Oft7WkwcA==, registry: https://registry.npmjs.com/, tarball: https://registry.npmjs.org/semver/-/semver-7.5.4.tgz}
    name: semver
    version: 7.5.4
    engines: {node: '>=10'}
    hasBin: true
    dependencies:
      lru-cache: registry.npmjs.org/lru-cache@6.0.0
    dev: true

  registry.npmjs.org/source-map-js@1.0.2:
    resolution: {integrity: sha512-R0XvVJ9WusLiqTCEiGCmICCMplcCkIwwR11mOSD9CR5u+IXYdiseeEuXCVAjS54zqwkLcPNnmU4OeJ6tUrWhDw==, registry: https://registry.npmjs.com/, tarball: https://registry.npmjs.org/source-map-js/-/source-map-js-1.0.2.tgz}
    name: source-map-js
    version: 1.0.2
    engines: {node: '>=0.10.0'}

  registry.npmjs.org/to-fast-properties@2.0.0:
    resolution: {integrity: sha512-/OaKK0xYrs3DmxRYqL/yDc+FxFUVYhDlXMhRmv3z915w2HF1tnN1omB354j8VUGO/hbRzyD6Y3sA7v7GS/ceog==, registry: https://registry.npmjs.com/, tarball: https://registry.npmjs.org/to-fast-properties/-/to-fast-properties-2.0.0.tgz}
    name: to-fast-properties
    version: 2.0.0
    engines: {node: '>=4'}

  registry.npmjs.org/typescript@5.0.2:
    resolution: {integrity: sha512-wVORMBGO/FAs/++blGNeAVdbNKtIh1rbBL2EyQ1+J9lClJ93KiiKe8PmFIVdXhHcyv44SL9oglmfeSsndo0jRw==, registry: https://registry.npmjs.com/, tarball: https://registry.npmjs.org/typescript/-/typescript-5.0.2.tgz}
    name: typescript
    version: 5.0.2
    engines: {node: '>=12.20'}
    hasBin: true
    dev: true

  registry.npmjs.org/vite@4.4.0:
    resolution: {integrity: sha512-Wf+DCEjuM8aGavEYiF77hnbxEZ+0+/jC9nABR46sh5Xi+GYeSvkeEFRiVuI3x+tPjxgZeS91h1jTAQTPFgePpA==, registry: https://registry.npmjs.com/, tarball: https://registry.npmjs.org/vite/-/vite-4.4.0.tgz}
    name: vite
    version: 4.4.0
    engines: {node: ^14.18.0 || >=16.0.0}
    hasBin: true
    peerDependencies:
      '@types/node': '>= 14'
      less: '*'
      lightningcss: ^1.21.0
      sass: '*'
      stylus: '*'
      sugarss: '*'
      terser: ^5.4.0
    peerDependenciesMeta:
      '@types/node':
        optional: true
      less:
        optional: true
      lightningcss:
        optional: true
      sass:
        optional: true
      stylus:
        optional: true
      sugarss:
        optional: true
      terser:
        optional: true
    dependencies:
      esbuild: registry.npmjs.org/esbuild@0.18.14
      postcss: registry.npmjs.org/postcss@8.4.26
      rollup: registry.npmjs.org/rollup@3.26.3
    optionalDependencies:
      fsevents: registry.npmjs.org/fsevents@2.3.2
    dev: true

  registry.npmjs.org/vue-template-compiler@2.7.14:
    resolution: {integrity: sha512-zyA5Y3ArvVG0NacJDkkzJuPQDF8RFeRlzV2vLeSnhSpieO6LK2OVbdLPi5MPPs09Ii+gMO8nY4S3iKQxBxDmWQ==, registry: https://registry.npmjs.com/, tarball: https://registry.npmjs.org/vue-template-compiler/-/vue-template-compiler-2.7.14.tgz}
    name: vue-template-compiler
    version: 2.7.14
    dependencies:
      de-indent: registry.npmjs.org/de-indent@1.0.2
      he: registry.npmjs.org/he@1.2.0
    dev: true

  registry.npmjs.org/vue-tsc@1.8.3(typescript@5.0.2):
    resolution: {integrity: sha512-Ua4DHuYxjudlhCW2nRZtaXbhIDVncRGIbDjZhHpF8Z8vklct/G/35/kAPuGNSOmq0JcvhPAe28Oa7LWaUerZVA==, registry: https://registry.npmjs.com/, tarball: https://registry.npmjs.org/vue-tsc/-/vue-tsc-1.8.3.tgz}
    id: registry.npmjs.org/vue-tsc/1.8.3
    name: vue-tsc
    version: 1.8.3
    hasBin: true
    peerDependencies:
      typescript: '*'
    dependencies:
      '@vue/language-core': registry.npmjs.org/@vue/language-core@1.8.3(typescript@5.0.2)
      '@vue/typescript': registry.npmjs.org/@vue/typescript@1.8.3(typescript@5.0.2)
      semver: registry.npmjs.org/semver@7.5.4
      typescript: registry.npmjs.org/typescript@5.0.2
    dev: true

  registry.npmjs.org/vue@3.3.4:
    resolution: {integrity: sha512-VTyEYn3yvIeY1Py0WaYGZsXnz3y5UnGi62GjVEqvEGPl6nxbOrCXbVOTQWBEJUqAyTUk2uJ5JLVnYJ6ZzGbrSw==, registry: https://registry.npmjs.com/, tarball: https://registry.npmjs.org/vue/-/vue-3.3.4.tgz}
    name: vue
    version: 3.3.4
    dependencies:
      '@vue/compiler-dom': registry.npmjs.org/@vue/compiler-dom@3.3.4
      '@vue/compiler-sfc': registry.npmjs.org/@vue/compiler-sfc@3.3.4
      '@vue/runtime-dom': registry.npmjs.org/@vue/runtime-dom@3.3.4
      '@vue/server-renderer': registry.npmjs.org/@vue/server-renderer@3.3.4(vue@3.3.4)
      '@vue/shared': registry.npmjs.org/@vue/shared@3.3.4

  registry.npmjs.org/yallist@4.0.0:
    resolution: {integrity: sha512-3wdGidZyq5PB084XLES5TpOSRA3wjXAlIWMhum2kRcv/41Sn2emQ0dycQW4uZXLejwKvg6EsvbdlVL+FYEct7A==, registry: https://registry.npmjs.com/, tarball: https://registry.npmjs.org/yallist/-/yallist-4.0.0.tgz}
    name: yallist
    version: 4.0.0
    dev: true
